
Microsoft Visual Studio Solution File, Format Version 12.00
# Visual Studio Version 17
VisualStudioVersion = 17.0.31903.59
MinimumVisualStudioVersion = 10.0.40219.1
Project("{FAE04EC0-301F-11D3-BF4B-00C04F79EFBC}") = "Yomic", "Yomic\Yomic.csproj", "{499F90C3-82DB-469B-B15F-FE6D6EDDD014}"
EndProject
Project("{FAE04EC0-301F-11D3-BF4B-00C04F79EFBC}") = "Yomic.Shared", "Yomic.Shared\Yomic.Shared.csproj", "{2AC3B610-F2B7-4A2D-87B4-4FC425326164}"
EndProject
Project("{2150E333-8FDC-42A3-9474-1A3956D46DE8}") = "Extensions", "Extensions", "{3E4A1525-26A0-6616-233C-507C5170C221}"
EndProject
Project("{2150E333-8FDC-42A3-9474-1A3956D46DE8}") = "Kiryuu", "Kiryuu", "{4CEEBBEF-A841-FDB2-8D0A-F488343FD2F6}"
EndProject
Project("{FAE04EC0-301F-11D3-BF4B-00C04F79EFBC}") = "Yomic.Extensions.Kiryuu", "Yomic\Extensions\Kiryuu\Yomic.Extensions.Kiryuu.csproj", "{86A2DC47-4F40-42E3-83FC-D851899878C6}"
EndProject
Project("{2150E333-8FDC-42A3-9474-1A3956D46DE8}") = "KomikCast", "KomikCast", "{F5F20257-EC04-7394-A163-C9F02FE2DC66}"
EndProject
Project("{FAE04EC0-301F-11D3-BF4B-00C04F79EFBC}") = "Yomic.Extensions.KomikCast", "Yomic\Extensions\KomikCast\Yomic.Extensions.KomikCast.csproj", "{514E0570-8073-481E-AF18-9CC9A8A47E9E}"
EndProject
Project("{2150E333-8FDC-42A3-9474-1A3956D46DE8}") = "Komiku", "Komiku", "{0B8A0215-A06A-BEDA-58AC-AF5DF414232F}"
EndProject
Project("{FAE04EC0-301F-11D3-BF4B-00C04F79EFBC}") = "Yomic.Extensions.Komiku", "Yomic\Extensions\Komiku\Yomic.Extensions.Komiku.csproj", "{7DD85506-040A-4D9C-8356-918954EA05FA}"
EndProject
Project("{2150E333-8FDC-42A3-9474-1A3956D46DE8}") = "MangaDex", "MangaDex", "{9F8FDF1E-2DC8-2685-848E-52C72FCB9B51}"
EndProject
Project("{FAE04EC0-301F-11D3-BF4B-00C04F79EFBC}") = "Yomic.Extensions.MangaDex", "Yomic\Extensions\MangaDex\Yomic.Extensions.MangaDex.csproj", "{DC6EC53C-D11E-4129-87D4-3BA71FF89434}"
EndProject
Project("{2150E333-8FDC-42A3-9474-1A3956D46DE8}") = "Mangabats", "Mangabats", "{89A300FD-1B30-FBEF-B9C1-4A1A4C624521}"
EndProject
Project("{FAE04EC0-301F-11D3-BF4B-00C04F79EFBC}") = "Yomic.Extensions.Mangabats", "Yomic\Extensions\Mangabats\Yomic.Extensions.Mangabats.csproj", "{87D36742-C293-48AD-A9E9-2B356AE5B877}"
EndProject
Project("{2150E333-8FDC-42A3-9474-1A3956D46DE8}") = "Yomic_Root", "Yomic_Root", "{622D7433-C511-E4EB-C2C9-B7BD7673BFFE}"
EndProject
Project("{2150E333-8FDC-42A3-9474-1A3956D46DE8}") = "Weebcentral", "Weebcentral", "{C58B48FF-A001-1474-D888-999D131C4205}"
EndProject
Project("{FAE04EC0-301F-11D3-BF4B-00C04F79EFBC}") = "Yomic.Extensions.Weebcentral", "Yomic\Extensions\Weebcentral\Yomic.Extensions.Weebcentral.csproj", "{8AB2CF88-551B-461D-880B-26451E2A6E93}"
EndProject
Project("{FAE04EC0-301F-11D3-BF4B-00C04F79EFBC}") = "Yomic.Extensions.WestManga", "Yomic\Extensions\WestManga\Yomic.Extensions.WestManga.csproj", "{B7D5E3D7-3AAD-4B44-BFCA-F6FFDDEAA0BF}"
EndProject
Project("{2150E333-8FDC-42A3-9474-1A3956D46DE8}") = "ManhwaIndo", "ManhwaIndo", "{50166C95-DF23-59F7-0D03-26D16E47EFFF}"
EndProject
Project("{FAE04EC0-301F-11D3-BF4B-00C04F79EFBC}") = "Yomic.Extensions.ManhwaIndo", "Yomic\Extensions\ManhwaIndo\Yomic.Extensions.ManhwaIndo.csproj", "{2D67AA06-DFBD-4AA3-88FA-9AD96C368297}"
EndProject
Project("{2150E333-8FDC-42A3-9474-1A3956D46DE8}") = "Maid", "Maid", "{C3014239-738C-5BF7-1FFE-47751F4BF2C3}"
EndProject
Project("{FAE04EC0-301F-11D3-BF4B-00C04F79EFBC}") = "Yomic.Extensions.Maid", "Yomic\Extensions\Maid\Yomic.Extensions.Maid.csproj", "{E9ECB843-4717-4D1F-87F9-875657078927}"
EndProject
Project("{2150E333-8FDC-42A3-9474-1A3956D46DE8}") = "KomikStation", "KomikStation", "{FE1235FE-1FD8-9919-2288-71C1F6620E92}"
EndProject
Project("{FAE04EC0-301F-11D3-BF4B-00C04F79EFBC}") = "Yomic.Extensions.KomikStation", "Yomic\Extensions\KomikStation\Yomic.Extensions.KomikStation.csproj", "{4D28218D-9BC6-4AB7-BC81-1A83A85BAE03}"
EndProject
Project("{2150E333-8FDC-42A3-9474-1A3956D46DE8}") = "Extensions", "Extensions", "{BE133D91-034E-1084-498B-FF24C4084A55}"
EndProject
Project("{FAE04EC0-301F-11D3-BF4B-00C04F79EFBC}") = "Yomic.Extensions.Kuromanga", "Yomic\Extensions\Kuromanga\Yomic.Extensions.Kuromanga.csproj", "{0FFA0B50-9B76-4151-B749-7C715D80CA84}"
EndProject
Global
	GlobalSection(SolutionConfigurationPlatforms) = preSolution
		Debug|Any CPU = Debug|Any CPU
		Debug|x64 = Debug|x64
		Debug|x86 = Debug|x86
		Release|Any CPU = Release|Any CPU
		Release|x64 = Release|x64
		Release|x86 = Release|x86
	EndGlobalSection
	GlobalSection(ProjectConfigurationPlatforms) = postSolution
		{499F90C3-82DB-469B-B15F-FE6D6EDDD014}.Debug|Any CPU.ActiveCfg = Debug|Any CPU
		{499F90C3-82DB-469B-B15F-FE6D6EDDD014}.Debug|Any CPU.Build.0 = Debug|Any CPU
		{499F90C3-82DB-469B-B15F-FE6D6EDDD014}.Debug|x64.ActiveCfg = Debug|Any CPU
		{499F90C3-82DB-469B-B15F-FE6D6EDDD014}.Debug|x64.Build.0 = Debug|Any CPU
		{499F90C3-82DB-469B-B15F-FE6D6EDDD014}.Debug|x86.ActiveCfg = Debug|Any CPU
		{499F90C3-82DB-469B-B15F-FE6D6EDDD014}.Debug|x86.Build.0 = Debug|Any CPU
		{499F90C3-82DB-469B-B15F-FE6D6EDDD014}.Release|Any CPU.ActiveCfg = Release|Any CPU
		{499F90C3-82DB-469B-B15F-FE6D6EDDD014}.Release|Any CPU.Build.0 = Release|Any CPU
		{499F90C3-82DB-469B-B15F-FE6D6EDDD014}.Release|x64.ActiveCfg = Release|Any CPU
		{499F90C3-82DB-469B-B15F-FE6D6EDDD014}.Release|x64.Build.0 = Release|Any CPU
		{499F90C3-82DB-469B-B15F-FE6D6EDDD014}.Release|x86.ActiveCfg = Release|Any CPU
		{499F90C3-82DB-469B-B15F-FE6D6EDDD014}.Release|x86.Build.0 = Release|Any CPU
		{2AC3B610-F2B7-4A2D-87B4-4FC425326164}.Debug|Any CPU.ActiveCfg = Debug|Any CPU
		{2AC3B610-F2B7-4A2D-87B4-4FC425326164}.Debug|Any CPU.Build.0 = Debug|Any CPU
		{2AC3B610-F2B7-4A2D-87B4-4FC425326164}.Debug|x64.ActiveCfg = Debug|Any CPU
		{2AC3B610-F2B7-4A2D-87B4-4FC425326164}.Debug|x64.Build.0 = Debug|Any CPU
		{2AC3B610-F2B7-4A2D-87B4-4FC425326164}.Debug|x86.ActiveCfg = Debug|Any CPU
		{2AC3B610-F2B7-4A2D-87B4-4FC425326164}.Debug|x86.Build.0 = Debug|Any CPU
		{2AC3B610-F2B7-4A2D-87B4-4FC425326164}.Release|Any CPU.ActiveCfg = Release|Any CPU
		{2AC3B610-F2B7-4A2D-87B4-4FC425326164}.Release|Any CPU.Build.0 = Release|Any CPU
		{2AC3B610-F2B7-4A2D-87B4-4FC425326164}.Release|x64.ActiveCfg = Release|Any CPU
		{2AC3B610-F2B7-4A2D-87B4-4FC425326164}.Release|x64.Build.0 = Release|Any CPU
		{2AC3B610-F2B7-4A2D-87B4-4FC425326164}.Release|x86.ActiveCfg = Release|Any CPU
		{2AC3B610-F2B7-4A2D-87B4-4FC425326164}.Release|x86.Build.0 = Release|Any CPU
		{86A2DC47-4F40-42E3-83FC-D851899878C6}.Debug|Any CPU.ActiveCfg = Debug|Any CPU
		{86A2DC47-4F40-42E3-83FC-D851899878C6}.Debug|Any CPU.Build.0 = Debug|Any CPU
		{86A2DC47-4F40-42E3-83FC-D851899878C6}.Debug|x64.ActiveCfg = Debug|Any CPU
		{86A2DC47-4F40-42E3-83FC-D851899878C6}.Debug|x64.Build.0 = Debug|Any CPU
		{86A2DC47-4F40-42E3-83FC-D851899878C6}.Debug|x86.ActiveCfg = Debug|Any CPU
		{86A2DC47-4F40-42E3-83FC-D851899878C6}.Debug|x86.Build.0 = Debug|Any CPU
		{86A2DC47-4F40-42E3-83FC-D851899878C6}.Release|Any CPU.ActiveCfg = Release|Any CPU
		{86A2DC47-4F40-42E3-83FC-D851899878C6}.Release|Any CPU.Build.0 = Release|Any CPU
		{86A2DC47-4F40-42E3-83FC-D851899878C6}.Release|x64.ActiveCfg = Release|Any CPU
		{86A2DC47-4F40-42E3-83FC-D851899878C6}.Release|x64.Build.0 = Release|Any CPU
		{86A2DC47-4F40-42E3-83FC-D851899878C6}.Release|x86.ActiveCfg = Release|Any CPU
		{86A2DC47-4F40-42E3-83FC-D851899878C6}.Release|x86.Build.0 = Release|Any CPU
		{514E0570-8073-481E-AF18-9CC9A8A47E9E}.Debug|Any CPU.ActiveCfg = Debug|Any CPU
		{514E0570-8073-481E-AF18-9CC9A8A47E9E}.Debug|Any CPU.Build.0 = Debug|Any CPU
		{514E0570-8073-481E-AF18-9CC9A8A47E9E}.Debug|x64.ActiveCfg = Debug|Any CPU
		{514E0570-8073-481E-AF18-9CC9A8A47E9E}.Debug|x64.Build.0 = Debug|Any CPU
		{514E0570-8073-481E-AF18-9CC9A8A47E9E}.Debug|x86.ActiveCfg = Debug|Any CPU
		{514E0570-8073-481E-AF18-9CC9A8A47E9E}.Debug|x86.Build.0 = Debug|Any CPU
		{514E0570-8073-481E-AF18-9CC9A8A47E9E}.Release|Any CPU.ActiveCfg = Release|Any CPU
		{514E0570-8073-481E-AF18-9CC9A8A47E9E}.Release|Any CPU.Build.0 = Release|Any CPU
		{514E0570-8073-481E-AF18-9CC9A8A47E9E}.Release|x64.ActiveCfg = Release|Any CPU
		{514E0570-8073-481E-AF18-9CC9A8A47E9E}.Release|x64.Build.0 = Release|Any CPU
		{514E0570-8073-481E-AF18-9CC9A8A47E9E}.Release|x86.ActiveCfg = Release|Any CPU
		{514E0570-8073-481E-AF18-9CC9A8A47E9E}.Release|x86.Build.0 = Release|Any CPU
		{7DD85506-040A-4D9C-8356-918954EA05FA}.Debug|Any CPU.ActiveCfg = Debug|Any CPU
		{7DD85506-040A-4D9C-8356-918954EA05FA}.Debug|Any CPU.Build.0 = Debug|Any CPU
		{7DD85506-040A-4D9C-8356-918954EA05FA}.Debug|x64.ActiveCfg = Debug|Any CPU
		{7DD85506-040A-4D9C-8356-918954EA05FA}.Debug|x64.Build.0 = Debug|Any CPU
		{7DD85506-040A-4D9C-8356-918954EA05FA}.Debug|x86.ActiveCfg = Debug|Any CPU
		{7DD85506-040A-4D9C-8356-918954EA05FA}.Debug|x86.Build.0 = Debug|Any CPU
		{7DD85506-040A-4D9C-8356-918954EA05FA}.Release|Any CPU.ActiveCfg = Release|Any CPU
		{7DD85506-040A-4D9C-8356-918954EA05FA}.Release|Any CPU.Build.0 = Release|Any CPU
		{7DD85506-040A-4D9C-8356-918954EA05FA}.Release|x64.ActiveCfg = Release|Any CPU
		{7DD85506-040A-4D9C-8356-918954EA05FA}.Release|x64.Build.0 = Release|Any CPU
		{7DD85506-040A-4D9C-8356-918954EA05FA}.Release|x86.ActiveCfg = Release|Any CPU
		{7DD85506-040A-4D9C-8356-918954EA05FA}.Release|x86.Build.0 = Release|Any CPU
		{DC6EC53C-D11E-4129-87D4-3BA71FF89434}.Debug|Any CPU.ActiveCfg = Debug|Any CPU
		{DC6EC53C-D11E-4129-87D4-3BA71FF89434}.Debug|Any CPU.Build.0 = Debug|Any CPU
		{DC6EC53C-D11E-4129-87D4-3BA71FF89434}.Debug|x64.ActiveCfg = Debug|Any CPU
		{DC6EC53C-D11E-4129-87D4-3BA71FF89434}.Debug|x64.Build.0 = Debug|Any CPU
		{DC6EC53C-D11E-4129-87D4-3BA71FF89434}.Debug|x86.ActiveCfg = Debug|Any CPU
		{DC6EC53C-D11E-4129-87D4-3BA71FF89434}.Debug|x86.Build.0 = Debug|Any CPU
		{DC6EC53C-D11E-4129-87D4-3BA71FF89434}.Release|Any CPU.ActiveCfg = Release|Any CPU
		{DC6EC53C-D11E-4129-87D4-3BA71FF89434}.Release|Any CPU.Build.0 = Release|Any CPU
		{DC6EC53C-D11E-4129-87D4-3BA71FF89434}.Release|x64.ActiveCfg = Release|Any CPU
		{DC6EC53C-D11E-4129-87D4-3BA71FF89434}.Release|x64.Build.0 = Release|Any CPU
		{DC6EC53C-D11E-4129-87D4-3BA71FF89434}.Release|x86.ActiveCfg = Release|Any CPU
		{DC6EC53C-D11E-4129-87D4-3BA71FF89434}.Release|x86.Build.0 = Release|Any CPU
		{87D36742-C293-48AD-A9E9-2B356AE5B877}.Debug|Any CPU.ActiveCfg = Debug|Any CPU
		{87D36742-C293-48AD-A9E9-2B356AE5B877}.Debug|Any CPU.Build.0 = Debug|Any CPU
		{87D36742-C293-48AD-A9E9-2B356AE5B877}.Debug|x64.ActiveCfg = Debug|Any CPU
		{87D36742-C293-48AD-A9E9-2B356AE5B877}.Debug|x64.Build.0 = Debug|Any CPU
		{87D36742-C293-48AD-A9E9-2B356AE5B877}.Debug|x86.ActiveCfg = Debug|Any CPU
		{87D36742-C293-48AD-A9E9-2B356AE5B877}.Debug|x86.Build.0 = Debug|Any CPU
		{87D36742-C293-48AD-A9E9-2B356AE5B877}.Release|Any CPU.ActiveCfg = Release|Any CPU
		{87D36742-C293-48AD-A9E9-2B356AE5B877}.Release|Any CPU.Build.0 = Release|Any CPU
		{87D36742-C293-48AD-A9E9-2B356AE5B877}.Release|x64.ActiveCfg = Release|Any CPU
		{87D36742-C293-48AD-A9E9-2B356AE5B877}.Release|x64.Build.0 = Release|Any CPU
		{87D36742-C293-48AD-A9E9-2B356AE5B877}.Release|x86.ActiveCfg = Release|Any CPU
		{87D36742-C293-48AD-A9E9-2B356AE5B877}.Release|x86.Build.0 = Release|Any CPU
		{8AB2CF88-551B-461D-880B-26451E2A6E93}.Debug|Any CPU.ActiveCfg = Debug|Any CPU
		{8AB2CF88-551B-461D-880B-26451E2A6E93}.Debug|Any CPU.Build.0 = Debug|Any CPU
		{8AB2CF88-551B-461D-880B-26451E2A6E93}.Debug|x64.ActiveCfg = Debug|Any CPU
		{8AB2CF88-551B-461D-880B-26451E2A6E93}.Debug|x64.Build.0 = Debug|Any CPU
		{8AB2CF88-551B-461D-880B-26451E2A6E93}.Debug|x86.ActiveCfg = Debug|Any CPU
		{8AB2CF88-551B-461D-880B-26451E2A6E93}.Debug|x86.Build.0 = Debug|Any CPU
		{8AB2CF88-551B-461D-880B-26451E2A6E93}.Release|Any CPU.ActiveCfg = Release|Any CPU
		{8AB2CF88-551B-461D-880B-26451E2A6E93}.Release|Any CPU.Build.0 = Release|Any CPU
		{8AB2CF88-551B-461D-880B-26451E2A6E93}.Release|x64.ActiveCfg = Release|Any CPU
		{8AB2CF88-551B-461D-880B-26451E2A6E93}.Release|x64.Build.0 = Release|Any CPU
		{8AB2CF88-551B-461D-880B-26451E2A6E93}.Release|x86.ActiveCfg = Release|Any CPU
		{8AB2CF88-551B-461D-880B-26451E2A6E93}.Release|x86.Build.0 = Release|Any CPU
		{B7D5E3D7-3AAD-4B44-BFCA-F6FFDDEAA0BF}.Debug|Any CPU.ActiveCfg = Debug|Any CPU
		{B7D5E3D7-3AAD-4B44-BFCA-F6FFDDEAA0BF}.Debug|Any CPU.Build.0 = Debug|Any CPU
		{B7D5E3D7-3AAD-4B44-BFCA-F6FFDDEAA0BF}.Debug|x64.ActiveCfg = Debug|Any CPU
		{B7D5E3D7-3AAD-4B44-BFCA-F6FFDDEAA0BF}.Debug|x64.Build.0 = Debug|Any CPU
		{B7D5E3D7-3AAD-4B44-BFCA-F6FFDDEAA0BF}.Debug|x86.ActiveCfg = Debug|Any CPU
		{B7D5E3D7-3AAD-4B44-BFCA-F6FFDDEAA0BF}.Debug|x86.Build.0 = Debug|Any CPU
		{B7D5E3D7-3AAD-4B44-BFCA-F6FFDDEAA0BF}.Release|Any CPU.ActiveCfg = Release|Any CPU
		{B7D5E3D7-3AAD-4B44-BFCA-F6FFDDEAA0BF}.Release|Any CPU.Build.0 = Release|Any CPU
		{B7D5E3D7-3AAD-4B44-BFCA-F6FFDDEAA0BF}.Release|x64.ActiveCfg = Release|Any CPU
		{B7D5E3D7-3AAD-4B44-BFCA-F6FFDDEAA0BF}.Release|x64.Build.0 = Release|Any CPU
		{B7D5E3D7-3AAD-4B44-BFCA-F6FFDDEAA0BF}.Release|x86.ActiveCfg = Release|Any CPU
		{B7D5E3D7-3AAD-4B44-BFCA-F6FFDDEAA0BF}.Release|x86.Build.0 = Release|Any CPU
		{2D67AA06-DFBD-4AA3-88FA-9AD96C368297}.Debug|Any CPU.ActiveCfg = Debug|Any CPU
		{2D67AA06-DFBD-4AA3-88FA-9AD96C368297}.Debug|Any CPU.Build.0 = Debug|Any CPU
		{2D67AA06-DFBD-4AA3-88FA-9AD96C368297}.Debug|x64.ActiveCfg = Debug|Any CPU
		{2D67AA06-DFBD-4AA3-88FA-9AD96C368297}.Debug|x64.Build.0 = Debug|Any CPU
		{2D67AA06-DFBD-4AA3-88FA-9AD96C368297}.Debug|x86.ActiveCfg = Debug|Any CPU
		{2D67AA06-DFBD-4AA3-88FA-9AD96C368297}.Debug|x86.Build.0 = Debug|Any CPU
		{2D67AA06-DFBD-4AA3-88FA-9AD96C368297}.Release|Any CPU.ActiveCfg = Release|Any CPU
		{2D67AA06-DFBD-4AA3-88FA-9AD96C368297}.Release|Any CPU.Build.0 = Release|Any CPU
		{2D67AA06-DFBD-4AA3-88FA-9AD96C368297}.Release|x64.ActiveCfg = Release|Any CPU
		{2D67AA06-DFBD-4AA3-88FA-9AD96C368297}.Release|x64.Build.0 = Release|Any CPU
		{2D67AA06-DFBD-4AA3-88FA-9AD96C368297}.Release|x86.ActiveCfg = Release|Any CPU
		{2D67AA06-DFBD-4AA3-88FA-9AD96C368297}.Release|x86.Build.0 = Release|Any CPU
		{E9ECB843-4717-4D1F-87F9-875657078927}.Debug|Any CPU.ActiveCfg = Debug|Any CPU
		{E9ECB843-4717-4D1F-87F9-875657078927}.Debug|Any CPU.Build.0 = Debug|Any CPU
		{E9ECB843-4717-4D1F-87F9-875657078927}.Debug|x64.ActiveCfg = Debug|Any CPU
		{E9ECB843-4717-4D1F-87F9-875657078927}.Debug|x64.Build.0 = Debug|Any CPU
		{E9ECB843-4717-4D1F-87F9-875657078927}.Debug|x86.ActiveCfg = Debug|Any CPU
		{E9ECB843-4717-4D1F-87F9-875657078927}.Debug|x86.Build.0 = Debug|Any CPU
		{E9ECB843-4717-4D1F-87F9-875657078927}.Release|Any CPU.ActiveCfg = Release|Any CPU
		{E9ECB843-4717-4D1F-87F9-875657078927}.Release|Any CPU.Build.0 = Release|Any CPU
		{E9ECB843-4717-4D1F-87F9-875657078927}.Release|x64.ActiveCfg = Release|Any CPU
		{E9ECB843-4717-4D1F-87F9-875657078927}.Release|x64.Build.0 = Release|Any CPU
		{E9ECB843-4717-4D1F-87F9-875657078927}.Release|x86.ActiveCfg = Release|Any CPU
		{E9ECB843-4717-4D1F-87F9-875657078927}.Release|x86.Build.0 = Release|Any CPU
		{4D28218D-9BC6-4AB7-BC81-1A83A85BAE03}.Debug|Any CPU.ActiveCfg = Debug|Any CPU
		{4D28218D-9BC6-4AB7-BC81-1A83A85BAE03}.Debug|Any CPU.Build.0 = Debug|Any CPU
		{4D28218D-9BC6-4AB7-BC81-1A83A85BAE03}.Debug|x64.ActiveCfg = Debug|Any CPU
		{4D28218D-9BC6-4AB7-BC81-1A83A85BAE03}.Debug|x64.Build.0 = Debug|Any CPU
		{4D28218D-9BC6-4AB7-BC81-1A83A85BAE03}.Debug|x86.ActiveCfg = Debug|Any CPU
		{4D28218D-9BC6-4AB7-BC81-1A83A85BAE03}.Debug|x86.Build.0 = Debug|Any CPU
		{4D28218D-9BC6-4AB7-BC81-1A83A85BAE03}.Release|Any CPU.ActiveCfg = Release|Any CPU
		{4D28218D-9BC6-4AB7-BC81-1A83A85BAE03}.Release|Any CPU.Build.0 = Release|Any CPU
		{4D28218D-9BC6-4AB7-BC81-1A83A85BAE03}.Release|x64.ActiveCfg = Release|Any CPU
		{4D28218D-9BC6-4AB7-BC81-1A83A85BAE03}.Release|x64.Build.0 = Release|Any CPU
		{4D28218D-9BC6-4AB7-BC81-1A83A85BAE03}.Release|x86.ActiveCfg = Release|Any CPU
		{4D28218D-9BC6-4AB7-BC81-1A83A85BAE03}.Release|x86.Build.0 = Release|Any CPU
		{0FFA0B50-9B76-4151-B749-7C715D80CA84}.Debug|Any CPU.ActiveCfg = Debug|Any CPU
		{0FFA0B50-9B76-4151-B749-7C715D80CA84}.Debug|Any CPU.Build.0 = Debug|Any CPU
		{0FFA0B50-9B76-4151-B749-7C715D80CA84}.Debug|x64.ActiveCfg = Debug|Any CPU
		{0FFA0B50-9B76-4151-B749-7C715D80CA84}.Debug|x64.Build.0 = Debug|Any CPU
		{0FFA0B50-9B76-4151-B749-7C715D80CA84}.Debug|x86.ActiveCfg = Debug|Any CPU
		{0FFA0B50-9B76-4151-B749-7C715D80CA84}.Debug|x86.Build.0 = Debug|Any CPU
		{0FFA0B50-9B76-4151-B749-7C715D80CA84}.Release|Any CPU.ActiveCfg = Release|Any CPU
		{0FFA0B50-9B76-4151-B749-7C715D80CA84}.Release|Any CPU.Build.0 = Release|Any CPU
		{0FFA0B50-9B76-4151-B749-7C715D80CA84}.Release|x64.ActiveCfg = Release|Any CPU
		{0FFA0B50-9B76-4151-B749-7C715D80CA84}.Release|x64.Build.0 = Release|Any CPU
		{0FFA0B50-9B76-4151-B749-7C715D80CA84}.Release|x86.ActiveCfg = Release|Any CPU
		{0FFA0B50-9B76-4151-B749-7C715D80CA84}.Release|x86.Build.0 = Release|Any CPU
	EndGlobalSection
	GlobalSection(SolutionProperties) = preSolution
		HideSolutionNode = FALSE
	EndGlobalSection
	GlobalSection(NestedProjects) = preSolution
		{3E4A1525-26A0-6616-233C-507C5170C221} = {622D7433-C511-E4EB-C2C9-B7BD7673BFFE}
		{4CEEBBEF-A841-FDB2-8D0A-F488343FD2F6} = {3E4A1525-26A0-6616-233C-507C5170C221}
		{86A2DC47-4F40-42E3-83FC-D851899878C6} = {4CEEBBEF-A841-FDB2-8D0A-F488343FD2F6}
		{F5F20257-EC04-7394-A163-C9F02FE2DC66} = {3E4A1525-26A0-6616-233C-507C5170C221}
		{514E0570-8073-481E-AF18-9CC9A8A47E9E} = {F5F20257-EC04-7394-A163-C9F02FE2DC66}
		{0B8A0215-A06A-BEDA-58AC-AF5DF414232F} = {3E4A1525-26A0-6616-233C-507C5170C221}
		{7DD85506-040A-4D9C-8356-918954EA05FA} = {0B8A0215-A06A-BEDA-58AC-AF5DF414232F}
		{9F8FDF1E-2DC8-2685-848E-52C72FCB9B51} = {3E4A1525-26A0-6616-233C-507C5170C221}
		{DC6EC53C-D11E-4129-87D4-3BA71FF89434} = {9F8FDF1E-2DC8-2685-848E-52C72FCB9B51}
		{89A300FD-1B30-FBEF-B9C1-4A1A4C624521} = {3E4A1525-26A0-6616-233C-507C5170C221}
		{87D36742-C293-48AD-A9E9-2B356AE5B877} = {89A300FD-1B30-FBEF-B9C1-4A1A4C624521}
		{C58B48FF-A001-1474-D888-999D131C4205} = {3E4A1525-26A0-6616-233C-507C5170C221}
		{8AB2CF88-551B-461D-880B-26451E2A6E93} = {C58B48FF-A001-1474-D888-999D131C4205}
		{B7D5E3D7-3AAD-4B44-BFCA-F6FFDDEAA0BF} = {3E4A1525-26A0-6616-233C-507C5170C221}
		{50166C95-DF23-59F7-0D03-26D16E47EFFF} = {3E4A1525-26A0-6616-233C-507C5170C221}
		{2D67AA06-DFBD-4AA3-88FA-9AD96C368297} = {50166C95-DF23-59F7-0D03-26D16E47EFFF}
		{C3014239-738C-5BF7-1FFE-47751F4BF2C3} = {3E4A1525-26A0-6616-233C-507C5170C221}
		{E9ECB843-4717-4D1F-87F9-875657078927} = {C3014239-738C-5BF7-1FFE-47751F4BF2C3}
		{FE1235FE-1FD8-9919-2288-71C1F6620E92} = {3E4A1525-26A0-6616-233C-507C5170C221}
		{4D28218D-9BC6-4AB7-BC81-1A83A85BAE03} = {FE1235FE-1FD8-9919-2288-71C1F6620E92}
		{0FFA0B50-9B76-4151-B749-7C715D80CA84} = {BE133D91-034E-1084-498B-FF24C4084A55}
	EndGlobalSection
EndGlobal
