
Microsoft Visual Studio Solution File, Format Version 12.00
# Visual Studio Version 17
VisualStudioVersion = 17.0.31903.59
MinimumVisualStudioVersion = 10.0.40219.1
Project("{FAE04EC0-301F-11D3-BF4B-00C04F79EFBC}") = "Yomic", "Yomic\Yomic.csproj", "{499F90C3-82DB-469B-B15F-FE6D6EDDD014}"
EndProject
Project("{FAE04EC0-301F-11D3-BF4B-00C04F79EFBC}") = "Yomic.Shared", "Yomic.Shared\Yomic.Shared.csproj", "{2AC3B610-F2B7-4A2D-87B4-4FC425326164}"
EndProject

Project("{2150E333-8FDC-42A3-9474-1A3956D46DE8}") = "Extensions", "Extensions", "{3E4A1525-26A0-6616-233C-507C5170C221}"
EndProject
Project("{2150E333-8FDC-42A3-9474-1A3956D46DE8}") = "Kiryuu", "Kiryuu", "{4CEEBBEF-A841-FDB2-8D0A-F488343FD2F6}"
EndProject
Project("{FAE04EC0-301F-11D3-BF4B-00C04F79EFBC}") = "Yomic.Extensions.Kiryuu", "Yomic\Extensions\Kiryuu\Yomic.Extensions.Kiryuu.csproj", "{86A2DC47-4F40-42E3-83FC-D851899878C6}"
EndProject
Project("{2150E333-8FDC-42A3-9474-1A3956D46DE8}") = "KomikCast", "KomikCast", "{F5F20257-EC04-7394-A163-C9F02FE2DC66}"
EndProject
Project("{FAE04EC0-301F-11D3-BF4B-00C04F79EFBC}") = "Yomic.Extensions.KomikCast", "Yomic\Extensions\KomikCast\Yomic.Extensions.KomikCast.csproj", "{514E0570-8073-481E-AF18-9CC9A8A47E9E}"
EndProject
Project("{2150E333-8FDC-42A3-9474-1A3956D46DE8}") = "Komiku", "Komiku", "{0B8A0215-A06A-BEDA-58AC-AF5DF414232F}"
EndProject
Project("{FAE04EC0-301F-11D3-BF4B-00C04F79EFBC}") = "Yomic.Extensions.Komiku", "Yomic\Extensions\Komiku\Yomic.Extensions.Komiku.csproj", "{7DD85506-040A-4D9C-8356-918954EA05FA}"
EndProject
Project("{2150E333-8FDC-42A3-9474-1A3956D46DE8}") = "MangaDex", "MangaDex", "{9F8FDF1E-2DC8-2685-848E-52C72FCB9B51}"
EndProject
Project("{FAE04EC0-301F-11D3-BF4B-00C04F79EFBC}") = "Yomic.Extensions.MangaDex", "Yomic\Extensions\MangaDex\Yomic.Extensions.MangaDex.csproj", "{DC6EC53C-D11E-4129-87D4-3BA71FF89434}"
EndProject
Project("{2150E333-8FDC-42A3-9474-1A3956D46DE8}") = "Mangabats", "Mangabats", "{89A300FD-1B30-FBEF-B9C1-4A1A4C624521}"
EndProject
Project("{FAE04EC0-301F-11D3-BF4B-00C04F79EFBC}") = "Yomic.Extensions.Mangabats", "Yomic\Extensions\Mangabats\Yomic.Extensions.Mangabats.csproj", "{87D36742-C293-48AD-A9E9-2B356AE5B877}"
EndProject
Global
	GlobalSection(SolutionConfigurationPlatforms) = preSolution
		Debug|Any CPU = Debug|Any CPU
		Debug|x64 = Debug|x64
		Debug|x86 = Debug|x86
		Release|Any CPU = Release|Any CPU
		Release|x64 = Release|x64
		Release|x86 = Release|x86
	EndGlobalSection
	GlobalSection(ProjectConfigurationPlatforms) = postSolution
		{499F90C3-82DB-469B-B15F-FE6D6EDDD014}.Debug|Any CPU.ActiveCfg = Debug|Any CPU
		{499F90C3-82DB-469B-B15F-FE6D6EDDD014}.Debug|Any CPU.Build.0 = Debug|Any CPU
		{499F90C3-82DB-469B-B15F-FE6D6EDDD014}.Debug|x64.ActiveCfg = Debug|Any CPU
		{499F90C3-82DB-469B-B15F-FE6D6EDDD014}.Debug|x64.Build.0 = Debug|Any CPU
		{499F90C3-82DB-469B-B15F-FE6D6EDDD014}.Debug|x86.ActiveCfg = Debug|Any CPU
		{499F90C3-82DB-469B-B15F-FE6D6EDDD014}.Debug|x86.Build.0 = Debug|Any CPU
		{499F90C3-82DB-469B-B15F-FE6D6EDDD014}.Release|Any CPU.ActiveCfg = Release|Any CPU
		{499F90C3-82DB-469B-B15F-FE6D6EDDD014}.Release|Any CPU.Build.0 = Release|Any CPU
		{499F90C3-82DB-469B-B15F-FE6D6EDDD014}.Release|x64.ActiveCfg = Release|Any CPU
		{499F90C3-82DB-469B-B15F-FE6D6EDDD014}.Release|x64.Build.0 = Release|Any CPU
		{499F90C3-82DB-469B-B15F-FE6D6EDDD014}.Release|x86.ActiveCfg = Release|Any CPU
		{499F90C3-82DB-469B-B15F-FE6D6EDDD014}.Release|x86.Build.0 = Release|Any CPU
		{2AC3B610-F2B7-4A2D-87B4-4FC425326164}.Debug|Any CPU.ActiveCfg = Debug|Any CPU
		{2AC3B610-F2B7-4A2D-87B4-4FC425326164}.Debug|Any CPU.Build.0 = Debug|Any CPU
		{2AC3B610-F2B7-4A2D-87B4-4FC425326164}.Debug|x64.ActiveCfg = Debug|Any CPU
		{2AC3B610-F2B7-4A2D-87B4-4FC425326164}.Debug|x64.Build.0 = Debug|Any CPU
		{2AC3B610-F2B7-4A2D-87B4-4FC425326164}.Debug|x86.ActiveCfg = Debug|Any CPU
		{2AC3B610-F2B7-4A2D-87B4-4FC425326164}.Debug|x86.Build.0 = Debug|Any CPU
		{2AC3B610-F2B7-4A2D-87B4-4FC425326164}.Release|Any CPU.ActiveCfg = Release|Any CPU
		{2AC3B610-F2B7-4A2D-87B4-4FC425326164}.Release|Any CPU.Build.0 = Release|Any CPU
		{2AC3B610-F2B7-4A2D-87B4-4FC425326164}.Release|x64.ActiveCfg = Release|Any CPU
		{2AC3B610-F2B7-4A2D-87B4-4FC425326164}.Release|x64.Build.0 = Release|Any CPU
		{2AC3B610-F2B7-4A2D-87B4-4FC425326164}.Release|x86.ActiveCfg = Release|Any CPU
		{2AC3B610-F2B7-4A2D-87B4-4FC425326164}.Release|x86.Build.0 = Release|Any CPU
		{86A2DC47-4F40-42E3-83FC-D851899878C6}.Debug|Any CPU.ActiveCfg = Debug|Any CPU
		{86A2DC47-4F40-42E3-83FC-D851899878C6}.Debug|Any CPU.Build.0 = Debug|Any CPU
		{86A2DC47-4F40-42E3-83FC-D851899878C6}.Debug|x64.ActiveCfg = Debug|Any CPU
		{86A2DC47-4F40-42E3-83FC-D851899878C6}.Debug|x64.Build.0 = Debug|Any CPU
		{86A2DC47-4F40-42E3-83FC-D851899878C6}.Debug|x86.ActiveCfg = Debug|Any CPU
		{86A2DC47-4F40-42E3-83FC-D851899878C6}.Debug|x86.Build.0 = Debug|Any CPU
		{86A2DC47-4F40-42E3-83FC-D851899878C6}.Release|Any CPU.ActiveCfg = Release|Any CPU
		{86A2DC47-4F40-42E3-83FC-D851899878C6}.Release|Any CPU.Build.0 = Release|Any CPU
		{86A2DC47-4F40-42E3-83FC-D851899878C6}.Release|x64.ActiveCfg = Release|Any CPU
		{86A2DC47-4F40-42E3-83FC-D851899878C6}.Release|x64.Build.0 = Release|Any CPU
		{86A2DC47-4F40-42E3-83FC-D851899878C6}.Release|x86.ActiveCfg = Release|Any CPU
		{86A2DC47-4F40-42E3-83FC-D851899878C6}.Release|x86.Build.0 = Release|Any CPU
		{514E0570-8073-481E-AF18-9CC9A8A47E9E}.Debug|Any CPU.ActiveCfg = Debug|Any CPU
		{514E0570-8073-481E-AF18-9CC9A8A47E9E}.Debug|Any CPU.Build.0 = Debug|Any CPU
		{514E0570-8073-481E-AF18-9CC9A8A47E9E}.Debug|x64.ActiveCfg = Debug|Any CPU
		{514E0570-8073-481E-AF18-9CC9A8A47E9E}.Debug|x64.Build.0 = Debug|Any CPU
		{514E0570-8073-481E-AF18-9CC9A8A47E9E}.Debug|x86.ActiveCfg = Debug|Any CPU
		{514E0570-8073-481E-AF18-9CC9A8A47E9E}.Debug|x86.Build.0 = Debug|Any CPU
		{514E0570-8073-481E-AF18-9CC9A8A47E9E}.Release|Any CPU.ActiveCfg = Release|Any CPU
		{514E0570-8073-481E-AF18-9CC9A8A47E9E}.Release|Any CPU.Build.0 = Release|Any CPU
		{514E0570-8073-481E-AF18-9CC9A8A47E9E}.Release|x64.ActiveCfg = Release|Any CPU
		{514E0570-8073-481E-AF18-9CC9A8A47E9E}.Release|x64.Build.0 = Release|Any CPU
		{514E0570-8073-481E-AF18-9CC9A8A47E9E}.Release|x86.ActiveCfg = Release|Any CPU
		{514E0570-8073-481E-AF18-9CC9A8A47E9E}.Release|x86.Build.0 = Release|Any CPU
		{7DD85506-040A-4D9C-8356-918954EA05FA}.Debug|Any CPU.ActiveCfg = Debug|Any CPU
		{7DD85506-040A-4D9C-8356-918954EA05FA}.Debug|Any CPU.Build.0 = Debug|Any CPU
		{7DD85506-040A-4D9C-8356-918954EA05FA}.Debug|x64.ActiveCfg = Debug|Any CPU
		{7DD85506-040A-4D9C-8356-918954EA05FA}.Debug|x64.Build.0 = Debug|Any CPU
		{7DD85506-040A-4D9C-8356-918954EA05FA}.Debug|x86.ActiveCfg = Debug|Any CPU
		{7DD85506-040A-4D9C-8356-918954EA05FA}.Debug|x86.Build.0 = Debug|Any CPU
		{7DD85506-040A-4D9C-8356-918954EA05FA}.Release|Any CPU.ActiveCfg = Release|Any CPU
		{7DD85506-040A-4D9C-8356-918954EA05FA}.Release|Any CPU.Build.0 = Release|Any CPU
		{7DD85506-040A-4D9C-8356-918954EA05FA}.Release|x64.ActiveCfg = Release|Any CPU
		{7DD85506-040A-4D9C-8356-918954EA05FA}.Release|x64.Build.0 = Release|Any CPU
		{7DD85506-040A-4D9C-8356-918954EA05FA}.Release|x86.ActiveCfg = Release|Any CPU
		{7DD85506-040A-4D9C-8356-918954EA05FA}.Release|x86.Build.0 = Release|Any CPU
		{DC6EC53C-D11E-4129-87D4-3BA71FF89434}.Debug|Any CPU.ActiveCfg = Debug|Any CPU
		{DC6EC53C-D11E-4129-87D4-3BA71FF89434}.Debug|Any CPU.Build.0 = Debug|Any CPU
		{DC6EC53C-D11E-4129-87D4-3BA71FF89434}.Debug|x64.ActiveCfg = Debug|Any CPU
		{DC6EC53C-D11E-4129-87D4-3BA71FF89434}.Debug|x64.Build.0 = Debug|Any CPU
		{DC6EC53C-D11E-4129-87D4-3BA71FF89434}.Debug|x86.ActiveCfg = Debug|Any CPU
		{DC6EC53C-D11E-4129-87D4-3BA71FF89434}.Debug|x86.Build.0 = Debug|Any CPU
		{DC6EC53C-D11E-4129-87D4-3BA71FF89434}.Release|Any CPU.ActiveCfg = Release|Any CPU
		{DC6EC53C-D11E-4129-87D4-3BA71FF89434}.Release|Any CPU.Build.0 = Release|Any CPU
		{DC6EC53C-D11E-4129-87D4-3BA71FF89434}.Release|x64.ActiveCfg = Release|Any CPU
		{DC6EC53C-D11E-4129-87D4-3BA71FF89434}.Release|x64.Build.0 = Release|Any CPU
		{DC6EC53C-D11E-4129-87D4-3BA71FF89434}.Release|x86.ActiveCfg = Release|Any CPU
		{DC6EC53C-D11E-4129-87D4-3BA71FF89434}.Release|x86.Build.0 = Release|Any CPU
		{87D36742-C293-48AD-A9E9-2B356AE5B877}.Debug|Any CPU.ActiveCfg = Debug|Any CPU
		{87D36742-C293-48AD-A9E9-2B356AE5B877}.Debug|Any CPU.Build.0 = Debug|Any CPU
		{87D36742-C293-48AD-A9E9-2B356AE5B877}.Debug|x64.ActiveCfg = Debug|Any CPU
		{87D36742-C293-48AD-A9E9-2B356AE5B877}.Debug|x64.Build.0 = Debug|Any CPU
		{87D36742-C293-48AD-A9E9-2B356AE5B877}.Debug|x86.ActiveCfg = Debug|Any CPU
		{87D36742-C293-48AD-A9E9-2B356AE5B877}.Debug|x86.Build.0 = Debug|Any CPU
		{87D36742-C293-48AD-A9E9-2B356AE5B877}.Release|Any CPU.ActiveCfg = Release|Any CPU
		{87D36742-C293-48AD-A9E9-2B356AE5B877}.Release|Any CPU.Build.0 = Release|Any CPU
		{87D36742-C293-48AD-A9E9-2B356AE5B877}.Release|x64.ActiveCfg = Release|Any CPU
		{87D36742-C293-48AD-A9E9-2B356AE5B877}.Release|x64.Build.0 = Release|Any CPU
		{87D36742-C293-48AD-A9E9-2B356AE5B877}.Release|x86.ActiveCfg = Release|Any CPU
		{87D36742-C293-48AD-A9E9-2B356AE5B877}.Release|x86.Build.0 = Release|Any CPU
	EndGlobalSection
	GlobalSection(SolutionProperties) = preSolution
		HideSolutionNode = FALSE
	EndGlobalSection
	GlobalSection(NestedProjects) = preSolution

		{4CEEBBEF-A841-FDB2-8D0A-F488343FD2F6} = {3E4A1525-26A0-6616-233C-507C5170C221}
		{86A2DC47-4F40-42E3-83FC-D851899878C6} = {4CEEBBEF-A841-FDB2-8D0A-F488343FD2F6}
		{F5F20257-EC04-7394-A163-C9F02FE2DC66} = {3E4A1525-26A0-6616-233C-507C5170C221}
		{514E0570-8073-481E-AF18-9CC9A8A47E9E} = {F5F20257-EC04-7394-A163-C9F02FE2DC66}
		{0B8A0215-A06A-BEDA-58AC-AF5DF414232F} = {3E4A1525-26A0-6616-233C-507C5170C221}
		{7DD85506-040A-4D9C-8356-918954EA05FA} = {0B8A0215-A06A-BEDA-58AC-AF5DF414232F}
		{9F8FDF1E-2DC8-2685-848E-52C72FCB9B51} = {3E4A1525-26A0-6616-233C-507C5170C221}
		{DC6EC53C-D11E-4129-87D4-3BA71FF89434} = {9F8FDF1E-2DC8-2685-848E-52C72FCB9B51}
		{89A300FD-1B30-FBEF-B9C1-4A1A4C624521} = {3E4A1525-26A0-6616-233C-507C5170C221}
		{87D36742-C293-48AD-A9E9-2B356AE5B877} = {89A300FD-1B30-FBEF-B9C1-4A1A4C624521}
	EndGlobalSection
EndGlobal
